
Microsoft Visual Studio Solution File, Format Version 12.00
# Visual Studio Version 16
VisualStudioVersion = 16.0.30709.132
MinimumVisualStudioVersion = 10.0.40219.1
Project("{9A19103F-16F7-4668-BE54-9A1E7A4F7556}") = "OrderSysManagement", "OrderSysManagement.csproj", "{AD57C363-FA33-4F4C-9ECE-E66BD2208480}"
EndProject
Global
	GlobalSection(SolutionConfigurationPlatforms) = preSolution
		Debug|Any CPU = Debug|Any CPU
		Release|Any CPU = Release|Any CPU
	EndGlobalSection
	GlobalSection(ProjectConfigurationPlatforms) = postSolution
		{AD57C363-FA33-4F4C-9ECE-E66BD2208480}.Debug|Any CPU.ActiveCfg = Debug|Any CPU
		{AD57C363-FA33-4F4C-9ECE-E66BD2208480}.Debug|Any CPU.Build.0 = Debug|Any CPU
		{AD57C363-FA33-4F4C-9ECE-E66BD2208480}.Release|Any CPU.ActiveCfg = Release|Any CPU
		{AD57C363-FA33-4F4C-9ECE-E66BD2208480}.Release|Any CPU.Build.0 = Release|Any CPU
	EndGlobalSection
	GlobalSection(SolutionProperties) = preSolution
		HideSolutionNode = FALSE
	EndGlobalSection
	GlobalSection(ExtensibilityGlobals) = postSolution
		SolutionGuid = {BC5C433A-00D6-4297-8AF0-A2FA863CEBE8}
	EndGlobalSection
EndGlobal
